
Microsoft Visual Studio Solution File, Format Version 12.00
# Visual Studio Version 16
VisualStudioVersion = 16.0.30711.63
MinimumVisualStudioVersion = 10.0.40219.1
Project("{FAE04EC0-301F-11D3-BF4B-00C04F79EFBC}") = "Agenda", "Agenda.csproj", "{AEFC9FBE-B4A4-40BA-A15B-F1E051E0DC61}"
EndProject
Global
	GlobalSection(SolutionConfigurationPlatforms) = preSolution
		Debug|Any CPU = Debug|Any CPU
		Release|Any CPU = Release|Any CPU
	EndGlobalSection
	GlobalSection(ProjectConfigurationPlatforms) = postSolution
		{AEFC9FBE-B4A4-40BA-A15B-F1E051E0DC61}.Debug|Any CPU.ActiveCfg = Debug|Any CPU
		{AEFC9FBE-B4A4-40BA-A15B-F1E051E0DC61}.Debug|Any CPU.Build.0 = Debug|Any CPU
		{AEFC9FBE-B4A4-40BA-A15B-F1E051E0DC61}.Release|Any CPU.ActiveCfg = Release|Any CPU
		{AEFC9FBE-B4A4-40BA-A15B-F1E051E0DC61}.Release|Any CPU.Build.0 = Release|Any CPU
	EndGlobalSection
	GlobalSection(SolutionProperties) = preSolution
		HideSolutionNode = FALSE
	EndGlobalSection
	GlobalSection(ExtensibilityGlobals) = postSolution
		SolutionGuid = {26985F05-DFA5-4B3D-8C3F-9836709F48BA}
	EndGlobalSection
EndGlobal
